{
  "name": "smc",
  "version": "1.0.0",
  "lockfileVersion": 1,
  "requires": true,
  "dependencies": {
    "print-tree": {
      "version": "0.1.4",
      "resolved": "https://registry.npmjs.org/print-tree/-/print-tree-0.1.4.tgz",
      "integrity": "sha512-SsqLZYz3GaM6nrS2KJVUKed/RptKW70lD1hJbuBdthZ7RnMXUFfNvGpmxPMSJlosyaaDKQCHvZKwl71tjvtM2w=="
    }
  }
}
